
Microsoft Visual Studio Solution File, Format Version 12.00
Project("{F2A71F9B-5D33-465A-A702-920D77279786}") = "apiclient", "apiclient\apiclient.fsproj", "{17721DB4-6A6D-43DD-BC5C-CA632DD39F9A}"
EndProject
Project("{F2A71F9B-5D33-465A-A702-920D77279786}") = "WeatherApi", "WeatherApi\WeatherApi.fsproj", "{7F2B91B6-8AC0-4262-A957-2BC46278529D}"
EndProject
Global
	GlobalSection(SolutionConfigurationPlatforms) = preSolution
		Debug|Any CPU = Debug|Any CPU
		Release|Any CPU = Release|Any CPU
	EndGlobalSection
	GlobalSection(ProjectConfigurationPlatforms) = postSolution
		{17721DB4-6A6D-43DD-BC5C-CA632DD39F9A}.Debug|Any CPU.ActiveCfg = Debug|Any CPU
		{17721DB4-6A6D-43DD-BC5C-CA632DD39F9A}.Debug|Any CPU.Build.0 = Debug|Any CPU
		{17721DB4-6A6D-43DD-BC5C-CA632DD39F9A}.Release|Any CPU.ActiveCfg = Release|Any CPU
		{17721DB4-6A6D-43DD-BC5C-CA632DD39F9A}.Release|Any CPU.Build.0 = Release|Any CPU
		{7F2B91B6-8AC0-4262-A957-2BC46278529D}.Debug|Any CPU.ActiveCfg = Debug|Any CPU
		{7F2B91B6-8AC0-4262-A957-2BC46278529D}.Debug|Any CPU.Build.0 = Debug|Any CPU
		{7F2B91B6-8AC0-4262-A957-2BC46278529D}.Release|Any CPU.ActiveCfg = Release|Any CPU
		{7F2B91B6-8AC0-4262-A957-2BC46278529D}.Release|Any CPU.Build.0 = Release|Any CPU
	EndGlobalSection
EndGlobal
